<?xml version="1.0" encoding="utf-8"?>
<Project ToolsVersion="4.0" xmlns="http://schemas.microsoft.com/developer/msbuild/2003">
  <ItemGroup>
    <Filter Include="Source Files">
      <UniqueIdentifier>{4FC737F1-C7A5-4376-A066-2A32D752A2FF}</UniqueIdentifier>
      <Extensions>cpp;c;cc;cxx;c++;cppm;ixx;def;odl;idl;hpj;bat;asm;asmx</Extensions>
    </Filter>
    <Filter Include="Header Files">
      <UniqueIdentifier>{93995380-89BD-4b04-88EB-625FBE52EBFB}</UniqueIdentifier>
      <Extensions>h;hh;hpp;hxx;h++;hm;inl;inc;ipp;xsd</Extensions>
    </Filter>
    <Filter Include="Resource Files">
      <UniqueIdentifier>{67DA6AB6-F800-4c08-8B7A-83BB121AAD01}</UniqueIdentifier>
      <Extensions>rc;ico;cur;bmp;dlg;rc2;rct;bin;rgs;gif;jpg;jpeg;jpe;resx;tiff;tif;png;wav;mfcribbon-ms</Extensions>
    </Filter>
  </ItemGroup>
  <ItemGroup>
    <ClCompile Include="Five.cpp">
      <Filter>Source Files</Filter>
    </ClCompile>
    <ClCompile Include="clfe\input\InputCore.cpp">
      <Filter>Source Files</Filter>
    </ClCompile>
    <ClCompile Include="clfe\pipeline\Vulkan1_4\Global_i.cpp">
      <Filter>Source Files</Filter>
    </ClCompile>
    <ClCompile Include="clfe\pipeline\Vulkan1_4\Vulkan1_4_i.cpp">
      <Filter>Source Files</Filter>
    </ClCompile>
    <ClCompile Include="clfe\pipeline\Pipeline.cpp">
      <Filter>Source Files</Filter>
    </ClCompile>
    <ClCompile Include="clfe\window\Window_i.cpp">
      <Filter>Source Files</Filter>
    </ClCompile>
    <ClCompile Include="clfe\window\win\WinWindow_i.cpp">
      <Filter>Source Files</Filter>
    </ClCompile>
    <ClCompile Include="clfe\Attachment.cpp">
      <Filter>Source Files</Filter>
    </ClCompile>
    <ClCompile Include="clfe\CLFE.cpp">
      <Filter>Source Files</Filter>
    </ClCompile>
    <ClCompile Include="clfe\Global.cpp">
      <Filter>Source Files</Filter>
    </ClCompile>
    <ClCompile Include="clfe\Placeholder.cpp">
      <Filter>Source Files</Filter>
    </ClCompile>
    <ClCompile Include="clfe\System.cpp">
      <Filter>Source Files</Filter>
    </ClCompile>
    <ClCompile Include="clfe\UniString.cpp">
      <Filter>Source Files</Filter>
    </ClCompile>
    <ClCompile Include="clu\benchmarking\Benchmark.cpp">
      <Filter>Source Files</Filter>
    </ClCompile>
    <ClCompile Include="clu\StringUtils.cpp">
      <Filter>Source Files</Filter>
    </ClCompile>
    <ClCompile Include="clfe\window\win\WinClass.cpp">
      <Filter>Source Files</Filter>
    </ClCompile>
    <ClCompile Include="clfe\window\win\WinDefProc.cpp">
      <Filter>Source Files</Filter>
    </ClCompile>
    <ClCompile Include="clfe\object\Scene.cpp">
      <Filter>Source Files</Filter>
    </ClCompile>
    <ClCompile Include="clfe\object\EObject.cpp">
      <Filter>Source Files</Filter>
    </ClCompile>
    <ClCompile Include="clfe\object\Object_i.cpp">
      <Filter>Source Files</Filter>
    </ClCompile>
    <ClCompile Include="clfe\Allocation.cpp">
      <Filter>Source Files</Filter>
    </ClCompile>
  </ItemGroup>
  <ItemGroup>
    <ClInclude Include="clfe\input\InputCore.h">
      <Filter>Header Files</Filter>
    </ClInclude>
    <ClInclude Include="clfe\input\InputParams.h">
      <Filter>Header Files</Filter>
    </ClInclude>
    <ClInclude Include="clfe\input\Key.h">
      <Filter>Header Files</Filter>
    </ClInclude>
    <ClInclude Include="clfe\input\KeyTables.h">
      <Filter>Header Files</Filter>
    </ClInclude>
    <ClInclude Include="clfe\input\SystemInput.h">
      <Filter>Header Files</Filter>
    </ClInclude>
    <ClInclude Include="clfe\pipeline\Vulkan1_4\Global_i.h">
      <Filter>Header Files</Filter>
    </ClInclude>
    <ClInclude Include="clfe\pipeline\Vulkan1_4\Vulkan1_4_i.h">
      <Filter>Header Files</Filter>
    </ClInclude>
    <ClInclude Include="clfe\pipeline\ModernPipeline.h">
      <Filter>Header Files</Filter>
    </ClInclude>
    <ClInclude Include="clfe\pipeline\Pipeline.h">
      <Filter>Header Files</Filter>
    </ClInclude>
    <ClInclude Include="clfe\pipeline\PipelineData.h">
      <Filter>Header Files</Filter>
    </ClInclude>
    <ClInclude Include="clfe\pipeline\Vulkan1_4.h">
      <Filter>Header Files</Filter>
    </ClInclude>
    <ClInclude Include="clfe\window\Window.h">
      <Filter>Header Files</Filter>
    </ClInclude>
    <ClInclude Include="clfe\window\Window_i.h">
      <Filter>Header Files</Filter>
    </ClInclude>
    <ClInclude Include="clfe\window\win\WinWindow_i.h">
      <Filter>Header Files</Filter>
    </ClInclude>
    <ClInclude Include="clfe\Attachment.h">
      <Filter>Header Files</Filter>
    </ClInclude>
    <ClInclude Include="clfe\CLFE.h">
      <Filter>Header Files</Filter>
    </ClInclude>
    <ClInclude Include="clfe\CrossPlatform.h">
      <Filter>Header Files</Filter>
    </ClInclude>
    <ClInclude Include="clfe\Global.h">
      <Filter>Header Files</Filter>
    </ClInclude>
    <ClInclude Include="clfe\Log.h">
      <Filter>Header Files</Filter>
    </ClInclude>
    <ClInclude Include="clfe\Placeholder.h">
      <Filter>Header Files</Filter>
    </ClInclude>
    <ClInclude Include="clfe\SharedLink.h">
      <Filter>Header Files</Filter>
    </ClInclude>
    <ClInclude Include="clfe\System.h">
      <Filter>Header Files</Filter>
    </ClInclude>
    <ClInclude Include="clfe\UniString.h">
      <Filter>Header Files</Filter>
    </ClInclude>
    <ClInclude Include="clm\impl\VectorMatrixCommon_i.h">
      <Filter>Header Files</Filter>
    </ClInclude>
    <ClInclude Include="clm\impl\VectorMatrixOp_i.h">
      <Filter>Header Files</Filter>
    </ClInclude>
    <ClInclude Include="clm\impl\VectorMatrixUtils_i.h">
      <Filter>Header Files</Filter>
    </ClInclude>
    <ClInclude Include="clm\impl\MatrixOp_i.h">
      <Filter>Header Files</Filter>
    </ClInclude>
    <ClInclude Include="clm\impl\Matrix_i.h">
      <Filter>Header Files</Filter>
    </ClInclude>
    <ClInclude Include="clm\impl\Matrix2x2_i.h">
      <Filter>Header Files</Filter>
    </ClInclude>
    <ClInclude Include="clm\impl\Matrix3x3_i.h">
      <Filter>Header Files</Filter>
    </ClInclude>
    <ClInclude Include="clm\impl\Matrix4x4_i.h">
      <Filter>Header Files</Filter>
    </ClInclude>
    <ClInclude Include="clm\impl\MatrixUtils_i.h">
      <Filter>Header Files</Filter>
    </ClInclude>
    <ClInclude Include="clm\impl\VectorOp_i.h">
      <Filter>Header Files</Filter>
    </ClInclude>
    <ClInclude Include="clm\impl\Vector_i.h">
      <Filter>Header Files</Filter>
    </ClInclude>
    <ClInclude Include="clm\impl\Vector2_i.h">
      <Filter>Header Files</Filter>
    </ClInclude>
    <ClInclude Include="clm\impl\Vector3_i.h">
      <Filter>Header Files</Filter>
    </ClInclude>
    <ClInclude Include="clm\impl\Vector4_i.h">
      <Filter>Header Files</Filter>
    </ClInclude>
    <ClInclude Include="clm\impl\VectorUtils_i.h">
      <Filter>Header Files</Filter>
    </ClInclude>
    <ClInclude Include="clm\Math.h">
      <Filter>Header Files</Filter>
    </ClInclude>
    <ClInclude Include="clm\MathConst.h">
      <Filter>Header Files</Filter>
    </ClInclude>
    <ClInclude Include="clm\Mathd.h">
      <Filter>Header Files</Filter>
    </ClInclude>
    <ClInclude Include="clm\Mathf.h">
      <Filter>Header Files</Filter>
    </ClInclude>
    <ClInclude Include="clm\Matrix.h">
      <Filter>Header Files</Filter>
    </ClInclude>
    <ClInclude Include="clm\Vector.h">
      <Filter>Header Files</Filter>
    </ClInclude>
    <ClInclude Include="clu\benchmarking\Benchmark.h">
      <Filter>Header Files</Filter>
    </ClInclude>
    <ClInclude Include="clu\FlexibleToString.h">
      <Filter>Header Files</Filter>
    </ClInclude>
    <ClInclude Include="clu\LongBoolList.h">
      <Filter>Header Files</Filter>
    </ClInclude>
    <ClInclude Include="clu\Print.h">
      <Filter>Header Files</Filter>
    </ClInclude>
    <ClInclude Include="clu\StringUtils.h">
      <Filter>Header Files</Filter>
    </ClInclude>
    <ClInclude Include="interface\Chrono.h">
      <Filter>Header Files</Filter>
    </ClInclude>
    <ClInclude Include="interface\Concepts.h">
      <Filter>Header Files</Filter>
    </ClInclude>
    <ClInclude Include="interface\Exception.h">
      <Filter>Header Files</Filter>
    </ClInclude>
    <ClInclude Include="interface\Function.h">
      <Filter>Header Files</Filter>
    </ClInclude>
    <ClInclude Include="interface\List.h">
      <Filter>Header Files</Filter>
    </ClInclude>
    <ClInclude Include="interface\TypeIndex.h">
      <Filter>Header Files</Filter>
    </ClInclude>
    <ClInclude Include="interface\TypeInfo.h">
      <Filter>Header Files</Filter>
    </ClInclude>
    <ClInclude Include="interface\TypeTraits.h">
      <Filter>Header Files</Filter>
    </ClInclude>
    <ClInclude Include="interface\UnorderedMap.h">
      <Filter>Header Files</Filter>
    </ClInclude>
    <ClInclude Include="FastDraw.h">
      <Filter>Header Files</Filter>
    </ClInclude>
    <ClInclude Include="clfe\window\WinWindow.h">
      <Filter>Header Files</Filter>
    </ClInclude>
    <ClInclude Include="clfe\object\tex\Texture_i.h">
      <Filter>Header Files</Filter>
    </ClInclude>
    <ClInclude Include="clfe\object\Object_i.h">
      <Filter>Header Files</Filter>
    </ClInclude>
    <ClInclude Include="clfe\object\Scene.h">
      <Filter>Header Files</Filter>
    </ClInclude>
    <ClInclude Include="clfe\object\EObject.h">
      <Filter>Header Files</Filter>
    </ClInclude>
    <ClInclude Include="clfe\object\StaticScene.h">
      <Filter>Header Files</Filter>
    </ClInclude>
    <ClInclude Include="clfe\object\DynamicScene.h">
      <Filter>Header Files</Filter>
    </ClInclude>
    <ClInclude Include="clfe\Allocation.h">
      <Filter>Header Files</Filter>
    </ClInclude>
    <ClInclude Include="clfe\object\Texture.h">
      <Filter>Header Files</Filter>
    </ClInclude>
    <ClInclude Include="clm\Vector2.h">
      <Filter>Header Files</Filter>
    </ClInclude>
    <ClInclude Include="clm\Vector3.h">
      <Filter>Header Files</Filter>
    </ClInclude>
    <ClInclude Include="clm\Vector4.h">
      <Filter>Header Files</Filter>
    </ClInclude>
    <ClInclude Include="clm\Matrix2x2.h">
      <Filter>Header Files</Filter>
    </ClInclude>
    <ClInclude Include="clm\Matrix3x3.h">
      <Filter>Header Files</Filter>
    </ClInclude>
    <ClInclude Include="clm\Matrix4x4.h">
      <Filter>Header Files</Filter>
    </ClInclude>
    <ClInclude Include="clm\VectorImpl.h">
      <Filter>Header Files</Filter>
    </ClInclude>
    <ClInclude Include="clm\MatrixImpl.h">
      <Filter>Header Files</Filter>
    </ClInclude>
    <ClInclude Include="clfe\object\TextureImpl.h">
      <Filter>Header Files</Filter>
    </ClInclude>
    <ClInclude Include="clfe\object\tex\TextureRGB_i.h">
      <Filter>Header Files</Filter>
    </ClInclude>
    <ClInclude Include="clfe\object\tex\TextureRGBA_i.h">
      <Filter>Header Files</Filter>
    </ClInclude>
    <ClInclude Include="clfe\object\TextureRGB.h">
      <Filter>Header Files</Filter>
    </ClInclude>
    <ClInclude Include="clfe\object\TextureRGBA.h">
      <Filter>Header Files</Filter>
    </ClInclude>
  </ItemGroup>
</Project>